
Microsoft Visual Studio Solution File, Format Version 12.00
# Visual Studio 14
VisualStudioVersion = 14.0.24720.0
MinimumVisualStudioVersion = 10.0.40219.1
Project("{FAE04EC0-301F-11D3-BF4B-00C04F79EFBC}") = "pdxbytes.Devices.Test", "pdxbytes.Devices.Test\pdxbytes.Devices.Test.csproj", "{C12BD57B-8092-4C24-B0C3-E765249953BC}"
EndProject
Project("{FAE04EC0-301F-11D3-BF4B-00C04F79EFBC}") = "pdxbytes.Graphics", "pdxbytes.Graphics\pdxbytes.Graphics.csproj", "{5F86516B-A02B-4484-A48D-B17EA81F4E5E}"
EndProject
Project("{FAE04EC0-301F-11D3-BF4B-00C04F79EFBC}") = "pdxbytes.Devices.Tests", "pdxbytes.Devices.Tests\pdxbytes.Devices.Tests.csproj", "{5067DB0E-4A29-43D3-A2CF-CCF888AFE162}"
EndProject
Project("{FAE04EC0-301F-11D3-BF4B-00C04F79EFBC}") = "pdxbytes.Devices", "pdxbytes.Devices\pdxbytes.Devices.csproj", "{5453446F-5E0B-43B7-9369-569A2FF21291}"
EndProject
Project("{FAE04EC0-301F-11D3-BF4B-00C04F79EFBC}") = "pdxbytes.Collections", "pdxbytes.Collections\pdxbytes.Collections.csproj", "{8611F385-154F-44AA-B591-A5203F703E02}"
EndProject
Project("{FAE04EC0-301F-11D3-BF4B-00C04F79EFBC}") = "pdxbytes.DeviceLinking", "pdxbytes.DeviceLinking\pdxbytes.DeviceLinking.csproj", "{27F84B05-AC39-4D96-AC69-8C002A40EF76}"
EndProject
Project("{FAE04EC0-301F-11D3-BF4B-00C04F79EFBC}") = "pdxbytes.Structures", "pdxbytes.Structures\pdxbytes.Structures.csproj", "{B0AAC4DF-1C99-4B08-BE0D-B3BC420A507B}"
EndProject
Project("{FAE04EC0-301F-11D3-BF4B-00C04F79EFBC}") = "pdxbytes.DeviceInterfaces", "pdxbytes.DeviceInterfaces\pdxbytes.DeviceInterfaces.csproj", "{EEE34BE2-8E8E-4DC4-A944-5105E1D09323}"
EndProject
Project("{FAE04EC0-301F-11D3-BF4B-00C04F79EFBC}") = "pdxbytes.Sketches", "pdxbytes.Sketches\pdxbytes.Sketches.csproj", "{C5E484A0-1768-47AC-A4CF-4054C57A13C5}"
EndProject
Project("{2150E333-8FDC-42A3-9474-1A3956D46DE8}") = "TestingAndPrototyping", "TestingAndPrototyping", "{E5537FC3-7271-4EE6-8EAD-29BDF59CC167}"
EndProject
Project("{FAE04EC0-301F-11D3-BF4B-00C04F79EFBC}") = "Extensions", "Extensions\Extensions.csproj", "{B544BA47-96B8-4267-A818-F7E762C08E82}"
EndProject
Project("{FAE04EC0-301F-11D3-BF4B-00C04F79EFBC}") = "pdxbytes.Extensions", "pdxbytes.Extensions\pdxbytes.Extensions.csproj", "{0824E51B-AC8B-4DFE-B554-BCB313209ECD}"
EndProject
Project("{FAE04EC0-301F-11D3-BF4B-00C04F79EFBC}") = "pdxbytes.DeviceDrivers", "pdxbytes.DeviceDrivers\pdxbytes.DeviceDrivers.csproj", "{A85DFB03-8C8D-465D-BE96-391783E34E82}"
EndProject
Project("{FAE04EC0-301F-11D3-BF4B-00C04F79EFBC}") = "pdxbytes.ComponentModel", "pdxbytes.ComponentModel\pdxbytes.ComponentModel.csproj", "{216D2403-1EED-4063-BD7D-650CEE44E572}"
EndProject
Project("{FAE04EC0-301F-11D3-BF4B-00C04F79EFBC}") = "pdxbytes.PresentationFramework", "pdxbytes.PresentationFramework\pdxbytes.PresentationFramework.csproj", "{13A7799D-5A0B-439D-8CF8-2D2370865640}"
EndProject
Project("{2150E333-8FDC-42A3-9474-1A3956D46DE8}") = "Solution Files", "Solution Files", "{4F2CC0B9-8A76-49B4-B62F-D3CFB96E9138}"
	ProjectSection(SolutionItems) = preProject
		readme.md = readme.md
	EndProjectSection
EndProject
Global
	GlobalSection(SolutionConfigurationPlatforms) = preSolution
		Debug_4.2|Any CPU = Debug_4.2|Any CPU
		Debug_4.3|Any CPU = Debug_4.3|Any CPU
		Debug|Any CPU = Debug|Any CPU
		Release|Any CPU = Release|Any CPU
	EndGlobalSection
	GlobalSection(ProjectConfigurationPlatforms) = postSolution
		{C12BD57B-8092-4C24-B0C3-E765249953BC}.Debug_4.2|Any CPU.ActiveCfg = Debug_4.2|Any CPU
		{C12BD57B-8092-4C24-B0C3-E765249953BC}.Debug_4.2|Any CPU.Build.0 = Debug_4.2|Any CPU
		{C12BD57B-8092-4C24-B0C3-E765249953BC}.Debug_4.2|Any CPU.Deploy.0 = Debug_4.2|Any CPU
		{C12BD57B-8092-4C24-B0C3-E765249953BC}.Debug_4.3|Any CPU.ActiveCfg = Debug_4.3|Any CPU
		{C12BD57B-8092-4C24-B0C3-E765249953BC}.Debug_4.3|Any CPU.Build.0 = Debug_4.3|Any CPU
		{C12BD57B-8092-4C24-B0C3-E765249953BC}.Debug_4.3|Any CPU.Deploy.0 = Debug_4.3|Any CPU
		{C12BD57B-8092-4C24-B0C3-E765249953BC}.Debug|Any CPU.ActiveCfg = Debug|Any CPU
		{C12BD57B-8092-4C24-B0C3-E765249953BC}.Debug|Any CPU.Build.0 = Debug|Any CPU
		{C12BD57B-8092-4C24-B0C3-E765249953BC}.Debug|Any CPU.Deploy.0 = Debug|Any CPU
		{C12BD57B-8092-4C24-B0C3-E765249953BC}.Release|Any CPU.ActiveCfg = Release|Any CPU
		{C12BD57B-8092-4C24-B0C3-E765249953BC}.Release|Any CPU.Build.0 = Release|Any CPU
		{C12BD57B-8092-4C24-B0C3-E765249953BC}.Release|Any CPU.Deploy.0 = Release|Any CPU
		{5F86516B-A02B-4484-A48D-B17EA81F4E5E}.Debug_4.2|Any CPU.ActiveCfg = Debug_4.2|Any CPU
		{5F86516B-A02B-4484-A48D-B17EA81F4E5E}.Debug_4.2|Any CPU.Build.0 = Debug_4.2|Any CPU
		{5F86516B-A02B-4484-A48D-B17EA81F4E5E}.Debug_4.3|Any CPU.ActiveCfg = Debug_4.3|Any CPU
		{5F86516B-A02B-4484-A48D-B17EA81F4E5E}.Debug_4.3|Any CPU.Build.0 = Debug_4.3|Any CPU
		{5F86516B-A02B-4484-A48D-B17EA81F4E5E}.Debug_4.3|Any CPU.Deploy.0 = Debug_4.3|Any CPU
		{5F86516B-A02B-4484-A48D-B17EA81F4E5E}.Debug|Any CPU.ActiveCfg = Debug|Any CPU
		{5F86516B-A02B-4484-A48D-B17EA81F4E5E}.Debug|Any CPU.Build.0 = Debug|Any CPU
		{5F86516B-A02B-4484-A48D-B17EA81F4E5E}.Release|Any CPU.ActiveCfg = Release|Any CPU
		{5F86516B-A02B-4484-A48D-B17EA81F4E5E}.Release|Any CPU.Build.0 = Release|Any CPU
		{5067DB0E-4A29-43D3-A2CF-CCF888AFE162}.Debug_4.2|Any CPU.ActiveCfg = Debug|Any CPU
		{5067DB0E-4A29-43D3-A2CF-CCF888AFE162}.Debug_4.2|Any CPU.Build.0 = Debug|Any CPU
		{5067DB0E-4A29-43D3-A2CF-CCF888AFE162}.Debug_4.2|Any CPU.Deploy.0 = Debug|Any CPU
		{5067DB0E-4A29-43D3-A2CF-CCF888AFE162}.Debug_4.3|Any CPU.ActiveCfg = Debug_4.3|Any CPU
		{5067DB0E-4A29-43D3-A2CF-CCF888AFE162}.Debug_4.3|Any CPU.Build.0 = Debug_4.3|Any CPU
		{5067DB0E-4A29-43D3-A2CF-CCF888AFE162}.Debug_4.3|Any CPU.Deploy.0 = Debug_4.3|Any CPU
		{5067DB0E-4A29-43D3-A2CF-CCF888AFE162}.Debug|Any CPU.ActiveCfg = Debug|Any CPU
		{5067DB0E-4A29-43D3-A2CF-CCF888AFE162}.Debug|Any CPU.Build.0 = Debug|Any CPU
		{5067DB0E-4A29-43D3-A2CF-CCF888AFE162}.Debug|Any CPU.Deploy.0 = Debug|Any CPU
		{5067DB0E-4A29-43D3-A2CF-CCF888AFE162}.Release|Any CPU.ActiveCfg = Release|Any CPU
		{5067DB0E-4A29-43D3-A2CF-CCF888AFE162}.Release|Any CPU.Build.0 = Release|Any CPU
		{5067DB0E-4A29-43D3-A2CF-CCF888AFE162}.Release|Any CPU.Deploy.0 = Release|Any CPU
		{5453446F-5E0B-43B7-9369-569A2FF21291}.Debug_4.2|Any CPU.ActiveCfg = Debug|Any CPU
		{5453446F-5E0B-43B7-9369-569A2FF21291}.Debug_4.2|Any CPU.Build.0 = Debug|Any CPU
		{5453446F-5E0B-43B7-9369-569A2FF21291}.Debug_4.3|Any CPU.ActiveCfg = Debug_4.3|Any CPU
		{5453446F-5E0B-43B7-9369-569A2FF21291}.Debug_4.3|Any CPU.Build.0 = Debug_4.3|Any CPU
		{5453446F-5E0B-43B7-9369-569A2FF21291}.Debug_4.3|Any CPU.Deploy.0 = Debug_4.3|Any CPU
		{5453446F-5E0B-43B7-9369-569A2FF21291}.Debug|Any CPU.ActiveCfg = Debug|Any CPU
		{5453446F-5E0B-43B7-9369-569A2FF21291}.Debug|Any CPU.Build.0 = Debug|Any CPU
		{5453446F-5E0B-43B7-9369-569A2FF21291}.Release|Any CPU.ActiveCfg = Release|Any CPU
		{5453446F-5E0B-43B7-9369-569A2FF21291}.Release|Any CPU.Build.0 = Release|Any CPU
		{8611F385-154F-44AA-B591-A5203F703E02}.Debug_4.2|Any CPU.ActiveCfg = Debug|Any CPU
		{8611F385-154F-44AA-B591-A5203F703E02}.Debug_4.2|Any CPU.Build.0 = Debug|Any CPU
		{8611F385-154F-44AA-B591-A5203F703E02}.Debug_4.3|Any CPU.ActiveCfg = Debug|Any CPU
		{8611F385-154F-44AA-B591-A5203F703E02}.Debug_4.3|Any CPU.Build.0 = Debug|Any CPU
		{8611F385-154F-44AA-B591-A5203F703E02}.Debug_4.3|Any CPU.Deploy.0 = Debug|Any CPU
		{8611F385-154F-44AA-B591-A5203F703E02}.Debug|Any CPU.ActiveCfg = Debug|Any CPU
		{8611F385-154F-44AA-B591-A5203F703E02}.Debug|Any CPU.Build.0 = Debug|Any CPU
		{8611F385-154F-44AA-B591-A5203F703E02}.Release|Any CPU.ActiveCfg = Release|Any CPU
		{8611F385-154F-44AA-B591-A5203F703E02}.Release|Any CPU.Build.0 = Release|Any CPU
		{27F84B05-AC39-4D96-AC69-8C002A40EF76}.Debug_4.2|Any CPU.ActiveCfg = Debug|Any CPU
		{27F84B05-AC39-4D96-AC69-8C002A40EF76}.Debug_4.2|Any CPU.Build.0 = Debug|Any CPU
		{27F84B05-AC39-4D96-AC69-8C002A40EF76}.Debug_4.3|Any CPU.ActiveCfg = Debug|Any CPU
		{27F84B05-AC39-4D96-AC69-8C002A40EF76}.Debug_4.3|Any CPU.Build.0 = Debug|Any CPU
		{27F84B05-AC39-4D96-AC69-8C002A40EF76}.Debug_4.3|Any CPU.Deploy.0 = Debug|Any CPU
		{27F84B05-AC39-4D96-AC69-8C002A40EF76}.Debug|Any CPU.ActiveCfg = Debug|Any CPU
		{27F84B05-AC39-4D96-AC69-8C002A40EF76}.Debug|Any CPU.Build.0 = Debug|Any CPU
		{27F84B05-AC39-4D96-AC69-8C002A40EF76}.Release|Any CPU.ActiveCfg = Release|Any CPU
		{27F84B05-AC39-4D96-AC69-8C002A40EF76}.Release|Any CPU.Build.0 = Release|Any CPU
		{B0AAC4DF-1C99-4B08-BE0D-B3BC420A507B}.Debug_4.2|Any CPU.ActiveCfg = Debug|Any CPU
		{B0AAC4DF-1C99-4B08-BE0D-B3BC420A507B}.Debug_4.2|Any CPU.Build.0 = Debug|Any CPU
		{B0AAC4DF-1C99-4B08-BE0D-B3BC420A507B}.Debug_4.3|Any CPU.ActiveCfg = Debug|Any CPU
		{B0AAC4DF-1C99-4B08-BE0D-B3BC420A507B}.Debug_4.3|Any CPU.Build.0 = Debug|Any CPU
		{B0AAC4DF-1C99-4B08-BE0D-B3BC420A507B}.Debug_4.3|Any CPU.Deploy.0 = Debug|Any CPU
		{B0AAC4DF-1C99-4B08-BE0D-B3BC420A507B}.Debug|Any CPU.ActiveCfg = Debug|Any CPU
		{B0AAC4DF-1C99-4B08-BE0D-B3BC420A507B}.Debug|Any CPU.Build.0 = Debug|Any CPU
		{B0AAC4DF-1C99-4B08-BE0D-B3BC420A507B}.Release|Any CPU.ActiveCfg = Release|Any CPU
		{B0AAC4DF-1C99-4B08-BE0D-B3BC420A507B}.Release|Any CPU.Build.0 = Release|Any CPU
		{EEE34BE2-8E8E-4DC4-A944-5105E1D09323}.Debug_4.2|Any CPU.ActiveCfg = Debug|Any CPU
		{EEE34BE2-8E8E-4DC4-A944-5105E1D09323}.Debug_4.2|Any CPU.Build.0 = Debug|Any CPU
		{EEE34BE2-8E8E-4DC4-A944-5105E1D09323}.Debug_4.3|Any CPU.ActiveCfg = Debug|Any CPU
		{EEE34BE2-8E8E-4DC4-A944-5105E1D09323}.Debug_4.3|Any CPU.Build.0 = Debug|Any CPU
		{EEE34BE2-8E8E-4DC4-A944-5105E1D09323}.Debug_4.3|Any CPU.Deploy.0 = Debug|Any CPU
		{EEE34BE2-8E8E-4DC4-A944-5105E1D09323}.Debug|Any CPU.ActiveCfg = Debug|Any CPU
		{EEE34BE2-8E8E-4DC4-A944-5105E1D09323}.Debug|Any CPU.Build.0 = Debug|Any CPU
		{EEE34BE2-8E8E-4DC4-A944-5105E1D09323}.Release|Any CPU.ActiveCfg = Release|Any CPU
		{EEE34BE2-8E8E-4DC4-A944-5105E1D09323}.Release|Any CPU.Build.0 = Release|Any CPU
		{C5E484A0-1768-47AC-A4CF-4054C57A13C5}.Debug_4.2|Any CPU.ActiveCfg = Debug|Any CPU
		{C5E484A0-1768-47AC-A4CF-4054C57A13C5}.Debug_4.2|Any CPU.Build.0 = Debug|Any CPU
		{C5E484A0-1768-47AC-A4CF-4054C57A13C5}.Debug_4.3|Any CPU.ActiveCfg = Debug|Any CPU
		{C5E484A0-1768-47AC-A4CF-4054C57A13C5}.Debug_4.3|Any CPU.Build.0 = Debug|Any CPU
		{C5E484A0-1768-47AC-A4CF-4054C57A13C5}.Debug_4.3|Any CPU.Deploy.0 = Debug|Any CPU
		{C5E484A0-1768-47AC-A4CF-4054C57A13C5}.Debug|Any CPU.ActiveCfg = Debug|Any CPU
		{C5E484A0-1768-47AC-A4CF-4054C57A13C5}.Debug|Any CPU.Build.0 = Debug|Any CPU
		{C5E484A0-1768-47AC-A4CF-4054C57A13C5}.Release|Any CPU.ActiveCfg = Release|Any CPU
		{C5E484A0-1768-47AC-A4CF-4054C57A13C5}.Release|Any CPU.Build.0 = Release|Any CPU
		{B544BA47-96B8-4267-A818-F7E762C08E82}.Debug_4.2|Any CPU.ActiveCfg = Debug|Any CPU
		{B544BA47-96B8-4267-A818-F7E762C08E82}.Debug_4.2|Any CPU.Build.0 = Debug|Any CPU
		{B544BA47-96B8-4267-A818-F7E762C08E82}.Debug_4.3|Any CPU.ActiveCfg = Debug|Any CPU
		{B544BA47-96B8-4267-A818-F7E762C08E82}.Debug_4.3|Any CPU.Build.0 = Debug|Any CPU
		{B544BA47-96B8-4267-A818-F7E762C08E82}.Debug_4.3|Any CPU.Deploy.0 = Debug|Any CPU
		{B544BA47-96B8-4267-A818-F7E762C08E82}.Debug|Any CPU.ActiveCfg = Debug|Any CPU
		{B544BA47-96B8-4267-A818-F7E762C08E82}.Debug|Any CPU.Build.0 = Debug|Any CPU
		{B544BA47-96B8-4267-A818-F7E762C08E82}.Release|Any CPU.ActiveCfg = Release|Any CPU
		{B544BA47-96B8-4267-A818-F7E762C08E82}.Release|Any CPU.Build.0 = Release|Any CPU
		{0824E51B-AC8B-4DFE-B554-BCB313209ECD}.Debug_4.2|Any CPU.ActiveCfg = Debug|Any CPU
		{0824E51B-AC8B-4DFE-B554-BCB313209ECD}.Debug_4.2|Any CPU.Build.0 = Debug|Any CPU
		{0824E51B-AC8B-4DFE-B554-BCB313209ECD}.Debug_4.3|Any CPU.ActiveCfg = Debug|Any CPU
		{0824E51B-AC8B-4DFE-B554-BCB313209ECD}.Debug_4.3|Any CPU.Build.0 = Debug|Any CPU
		{0824E51B-AC8B-4DFE-B554-BCB313209ECD}.Debug_4.3|Any CPU.Deploy.0 = Debug|Any CPU
		{0824E51B-AC8B-4DFE-B554-BCB313209ECD}.Debug|Any CPU.ActiveCfg = Debug|Any CPU
		{0824E51B-AC8B-4DFE-B554-BCB313209ECD}.Debug|Any CPU.Build.0 = Debug|Any CPU
		{0824E51B-AC8B-4DFE-B554-BCB313209ECD}.Release|Any CPU.ActiveCfg = Release|Any CPU
		{0824E51B-AC8B-4DFE-B554-BCB313209ECD}.Release|Any CPU.Build.0 = Release|Any CPU
		{A85DFB03-8C8D-465D-BE96-391783E34E82}.Debug_4.2|Any CPU.ActiveCfg = Debug|Any CPU
		{A85DFB03-8C8D-465D-BE96-391783E34E82}.Debug_4.2|Any CPU.Build.0 = Debug|Any CPU
		{A85DFB03-8C8D-465D-BE96-391783E34E82}.Debug_4.3|Any CPU.ActiveCfg = Debug|Any CPU
		{A85DFB03-8C8D-465D-BE96-391783E34E82}.Debug_4.3|Any CPU.Build.0 = Debug|Any CPU
		{A85DFB03-8C8D-465D-BE96-391783E34E82}.Debug_4.3|Any CPU.Deploy.0 = Debug|Any CPU
		{A85DFB03-8C8D-465D-BE96-391783E34E82}.Debug|Any CPU.ActiveCfg = Debug|Any CPU
		{A85DFB03-8C8D-465D-BE96-391783E34E82}.Debug|Any CPU.Build.0 = Debug|Any CPU
		{A85DFB03-8C8D-465D-BE96-391783E34E82}.Release|Any CPU.ActiveCfg = Release|Any CPU
		{A85DFB03-8C8D-465D-BE96-391783E34E82}.Release|Any CPU.Build.0 = Release|Any CPU
		{216D2403-1EED-4063-BD7D-650CEE44E572}.Debug_4.2|Any CPU.ActiveCfg = Debug|Any CPU
		{216D2403-1EED-4063-BD7D-650CEE44E572}.Debug_4.2|Any CPU.Build.0 = Debug|Any CPU
		{216D2403-1EED-4063-BD7D-650CEE44E572}.Debug_4.3|Any CPU.ActiveCfg = Debug|Any CPU
		{216D2403-1EED-4063-BD7D-650CEE44E572}.Debug_4.3|Any CPU.Build.0 = Debug|Any CPU
		{216D2403-1EED-4063-BD7D-650CEE44E572}.Debug|Any CPU.ActiveCfg = Debug|Any CPU
		{216D2403-1EED-4063-BD7D-650CEE44E572}.Debug|Any CPU.Build.0 = Debug|Any CPU
		{216D2403-1EED-4063-BD7D-650CEE44E572}.Release|Any CPU.ActiveCfg = Release|Any CPU
		{216D2403-1EED-4063-BD7D-650CEE44E572}.Release|Any CPU.Build.0 = Release|Any CPU
		{13A7799D-5A0B-439D-8CF8-2D2370865640}.Debug_4.2|Any CPU.ActiveCfg = Debug|Any CPU
		{13A7799D-5A0B-439D-8CF8-2D2370865640}.Debug_4.2|Any CPU.Build.0 = Debug|Any CPU
		{13A7799D-5A0B-439D-8CF8-2D2370865640}.Debug_4.3|Any CPU.ActiveCfg = Debug|Any CPU
		{13A7799D-5A0B-439D-8CF8-2D2370865640}.Debug_4.3|Any CPU.Build.0 = Debug|Any CPU
		{13A7799D-5A0B-439D-8CF8-2D2370865640}.Debug|Any CPU.ActiveCfg = Debug|Any CPU
		{13A7799D-5A0B-439D-8CF8-2D2370865640}.Debug|Any CPU.Build.0 = Debug|Any CPU
		{13A7799D-5A0B-439D-8CF8-2D2370865640}.Release|Any CPU.ActiveCfg = Release|Any CPU
		{13A7799D-5A0B-439D-8CF8-2D2370865640}.Release|Any CPU.Build.0 = Release|Any CPU
	EndGlobalSection
	GlobalSection(SolutionProperties) = preSolution
		HideSolutionNode = FALSE
	EndGlobalSection
	GlobalSection(NestedProjects) = preSolution
		{C12BD57B-8092-4C24-B0C3-E765249953BC} = {E5537FC3-7271-4EE6-8EAD-29BDF59CC167}
		{5067DB0E-4A29-43D3-A2CF-CCF888AFE162} = {E5537FC3-7271-4EE6-8EAD-29BDF59CC167}
		{C5E484A0-1768-47AC-A4CF-4054C57A13C5} = {E5537FC3-7271-4EE6-8EAD-29BDF59CC167}
	EndGlobalSection
EndGlobal
